<?xml version="1.0" encoding="utf-8"?>
<Project ToolsVersion="4.0" xmlns="http://schemas.microsoft.com/developer/msbuild/2003">
  <ItemGroup>
    <ClInclude Include="targetver.h" />
    <ClInclude Include="..\TankController.h">
      <Filter>TeapotWars</Filter>
    </ClInclude>
    <ClInclude Include="..\TankEvents.h">
      <Filter>TeapotWars</Filter>
    </ClInclude>
    <ClInclude Include="TankResources.h">
      <Filter>Application</Filter>
    </ClInclude>
    <ClInclude Include="TankWars.h">
      <Filter>Application</Filter>
    </ClInclude>
    <ClInclude Include="..\TankWarsNetwork.h">
      <Filter>TeapotWars</Filter>
    </ClInclude>
    <ClInclude Include="TankWarsStd.h">
      <Filter>Application</Filter>
    </ClInclude>
    <ClInclude Include="..\TankWarsView.h">
      <Filter>TeapotWars</Filter>
    </ClInclude>
  </ItemGroup>
  <ItemGroup>
    <Filter Include="TeapotWars">
      <UniqueIdentifier>{09e969fd-62b9-4ebd-b2cc-a7d4e06dc2a0}</UniqueIdentifier>
    </Filter>
    <Filter Include="Application">
      <UniqueIdentifier>{07571a94-ffad-4192-84ee-6e22a66744a0}</UniqueIdentifier>
    </Filter>
  </ItemGroup>
  <ItemGroup>
    <ClCompile Include="..\TankController.cpp">
      <Filter>TeapotWars</Filter>
    </ClCompile>
    <ClCompile Include="..\TankEvents.cpp">
      <Filter>TeapotWars</Filter>
    </ClCompile>
    <ClCompile Include="..\TankWars.cpp">
      <Filter>TeapotWars</Filter>
    </ClCompile>
    <ClCompile Include="TankWarsStd.cpp">
      <Filter>Application</Filter>
    </ClCompile>
    <ClCompile Include="..\TankWarsView.cpp">
      <Filter>TeapotWars</Filter>
    </ClCompile>
  </ItemGroup>
  <ItemGroup>
    <ResourceCompile Include="TankWars.rc">
      <Filter>Application</Filter>
    </ResourceCompile>
  </ItemGroup>
</Project>